<?xml version="1.0" encoding="utf-8"?>
<Project ToolsVersion="4.0" xmlns="http://schemas.microsoft.com/developer/msbuild/2003">
  <ItemGroup>
    <Filter Include="Source Files">
      <UniqueIdentifier>{4FC737F1-C7A5-4376-A066-2A32D752A2FF}</UniqueIdentifier>
      <Extensions>cpp;c;cc;cxx;c++;cppm;ixx;def;odl;idl;hpj;bat;asm;asmx</Extensions>
    </Filter>
    <Filter Include="Header Files">
      <UniqueIdentifier>{93995380-89BD-4b04-88EB-625FBE52EBFB}</UniqueIdentifier>
      <Extensions>h;hh;hpp;hxx;h++;hm;inl;inc;ipp;xsd</Extensions>
    </Filter>
    <Filter Include="Resource Files">
      <UniqueIdentifier>{67DA6AB6-F800-4c08-8B7A-83BB121AAD01}</UniqueIdentifier>
      <Extensions>rc;ico;cur;bmp;dlg;rc2;rct;bin;rgs;gif;jpg;jpeg;jpe;resx;tiff;tif;png;wav;mfcribbon-ms</Extensions>
    </Filter>
    <Filter Include="Editor Files %28Copied and Edited%29">
      <UniqueIdentifier>{e89f28da-fa26-4026-8eb8-5b6511e4d0ad}</UniqueIdentifier>
    </Filter>
    <Filter Include="Source Files\Main Menu">
      <UniqueIdentifier>{749acd71-c78a-42e9-a6b8-7283f2f26c23}</UniqueIdentifier>
    </Filter>
    <Filter Include="Application States">
      <UniqueIdentifier>{da6e1c6c-29b4-420b-9b2e-693c758163ea}</UniqueIdentifier>
    </Filter>
    <Filter Include="Application States\Headers">
      <UniqueIdentifier>{28862c87-0dac-46ed-81b1-3aa10af97fe9}</UniqueIdentifier>
    </Filter>
    <Filter Include="Game States">
      <UniqueIdentifier>{8b2feb94-c301-4cb6-bd75-ec9d8af6e2db}</UniqueIdentifier>
    </Filter>
    <Filter Include="Source Files\User Interface">
      <UniqueIdentifier>{ebf48980-3744-4e24-ab20-8780a55c9597}</UniqueIdentifier>
    </Filter>
    <Filter Include="Game Area Objects">
      <UniqueIdentifier>{44cce88d-1368-4d73-9841-614a10da4f23}</UniqueIdentifier>
    </Filter>
    <Filter Include="Particle System">
      <UniqueIdentifier>{d03b6383-bfda-429c-9f3f-cfb1210838ae}</UniqueIdentifier>
    </Filter>
    <Filter Include="Game Objects">
      <UniqueIdentifier>{d0a0da83-37bb-4914-91f3-b31b54adccc0}</UniqueIdentifier>
    </Filter>
  </ItemGroup>
  <ItemGroup>
    <ClInclude Include="Play.h">
      <Filter>Header Files</Filter>
    </ClInclude>
    <ClInclude Include="ApplicationManager.h">
      <Filter>Header Files</Filter>
    </ClInclude>
    <ClInclude Include="Common.h">
      <Filter>Header Files</Filter>
    </ClInclude>
    <ClInclude Include="VirtualKeys.h">
      <Filter>Header Files</Filter>
    </ClInclude>
    <ClInclude Include="IApplicationState.h">
      <Filter>Application States\Headers</Filter>
    </ClInclude>
    <ClInclude Include="MenuState.h">
      <Filter>Application States\Headers</Filter>
    </ClInclude>
    <ClInclude Include="MainGameState.h">
      <Filter>Application States\Headers</Filter>
    </ClInclude>
    <ClInclude Include="GameArea.h">
      <Filter>Editor Files %28Copied and Edited%29</Filter>
    </ClInclude>
    <ClInclude Include="Panel.h">
      <Filter>Editor Files %28Copied and Edited%29</Filter>
    </ClInclude>
    <ClInclude Include="Button.h">
      <Filter>Editor Files %28Copied and Edited%29</Filter>
    </ClInclude>
    <ClInclude Include="PanelItem.h">
      <Filter>Editor Files %28Copied and Edited%29</Filter>
    </ClInclude>
    <ClInclude Include="ReadCSV.h">
      <Filter>Editor Files %28Copied and Edited%29</Filter>
    </ClInclude>
    <ClInclude Include="GameManager.h">
      <Filter>Header Files</Filter>
    </ClInclude>
    <ClInclude Include="LoadLevel.h">
      <Filter>Header Files</Filter>
    </ClInclude>
    <ClInclude Include="GameObject.h">
      <Filter>Header Files</Filter>
    </ClInclude>
    <ClInclude Include="GameObjectManager.h">
      <Filter>Header Files</Filter>
    </ClInclude>
    <ClInclude Include="EasingFunctions.h">
      <Filter>Header Files</Filter>
    </ClInclude>
    <ClInclude Include="MouseGraphic.h">
      <Filter>Source Files\Main Menu</Filter>
    </ClInclude>
    <ClInclude Include="Time.h">
      <Filter>Header Files</Filter>
    </ClInclude>
    <ClInclude Include="SimpleGraphic.h">
      <Filter>Source Files\Main Menu</Filter>
    </ClInclude>
    <ClInclude Include="TitleTextGraphic.h">
      <Filter>Source Files\Main Menu</Filter>
    </ClInclude>
    <ClInclude Include="IGameState.h">
      <Filter>Game States</Filter>
    </ClInclude>
    <ClInclude Include="PlanningState.h">
      <Filter>Game States</Filter>
    </ClInclude>
    <ClInclude Include="GoState.h">
      <Filter>Game States</Filter>
    </ClInclude>
    <ClInclude Include="PauseState.h">
      <Filter>Game States</Filter>
    </ClInclude>
    <ClInclude Include="GoButton.h">
      <Filter>Header Files</Filter>
    </ClInclude>
    <ClInclude Include="Singleton.h">
      <Filter>Header Files</Filter>
    </ClInclude>
    <ClInclude Include="MouseSpawner.h">
      <Filter>Header Files</Filter>
    </ClInclude>
    <ClInclude Include="Debug.h">
      <Filter>Header Files</Filter>
    </ClInclude>
    <ClInclude Include="MouseHoleEntry.h">
      <Filter>Game Area Objects</Filter>
    </ClInclude>
    <ClInclude Include="RotatingBlock.h">
      <Filter>Game Area Objects</Filter>
    </ClInclude>
    <ClInclude Include="SingleWall.h">
      <Filter>Game Area Objects</Filter>
    </ClInclude>
    <ClInclude Include="GameAreaObjects.h">
      <Filter>Game Area Objects</Filter>
    </ClInclude>
    <ClInclude Include="MouseTrap.h">
      <Filter>Game Area Objects</Filter>
    </ClInclude>
    <ClInclude Include="MouseTrapStates.h">
      <Filter>Game Area Objects</Filter>
    </ClInclude>
    <ClInclude Include="MouseHoleExit.h">
      <Filter>Game Area Objects</Filter>
    </ClInclude>
    <ClInclude Include="WinState.h">
      <Filter>Game States</Filter>
    </ClInclude>
    <ClInclude Include="Emitter.h">
      <Filter>Particle System</Filter>
    </ClInclude>
    <ClInclude Include="EmitterTypes.h">
      <Filter>Particle System</Filter>
    </ClInclude>
    <ClInclude Include="Particle.h">
      <Filter>Particle System</Filter>
    </ClInclude>
    <ClInclude Include="ParticleManager.h">
      <Filter>Particle System</Filter>
    </ClInclude>
    <ClInclude Include="ParticlesCommon.h">
      <Filter>Particle System</Filter>
    </ClInclude>
    <ClInclude Include="PolygonEmitter.h">
      <Filter>Particle System</Filter>
    </ClInclude>
    <ClInclude Include="EmptySquare.h">
      <Filter>Game Area Objects</Filter>
    </ClInclude>
    <ClInclude Include="CheesePickup.h">
      <Filter>Game Area Objects</Filter>
    </ClInclude>
    <ClInclude Include="GameStateTypes.h">
      <Filter>Header Files</Filter>
    </ClInclude>
    <ClInclude Include="AmmoPickup.h">
      <Filter>Game Area Objects</Filter>
    </ClInclude>
    <ClInclude Include="Tank.h">
      <Filter>Game Area Objects</Filter>
    </ClInclude>
    <ClInclude Include="Bullet.h">
      <Filter>Game Objects</Filter>
    </ClInclude>
    <ClInclude Include="Mouse.h">
      <Filter>Game Objects</Filter>
    </ClInclude>
  </ItemGroup>
  <ItemGroup>
    <ClCompile Include="MainGame.cpp">
      <Filter>Source Files</Filter>
    </ClCompile>
    <ClCompile Include="MenuState.cpp">
      <Filter>Application States</Filter>
    </ClCompile>
    <ClCompile Include="ApplicationManager.cpp">
      <Filter>Source Files</Filter>
    </ClCompile>
    <ClCompile Include="MainGameState.cpp">
      <Filter>Application States</Filter>
    </ClCompile>
    <ClCompile Include="GameManager.cpp">
      <Filter>Source Files</Filter>
    </ClCompile>
    <ClCompile Include="LoadLevel.cpp">
      <Filter>Source Files</Filter>
    </ClCompile>
    <ClCompile Include="GameArea.cpp">
      <Filter>Editor Files %28Copied and Edited%29</Filter>
    </ClCompile>
    <ClCompile Include="Panel.cpp">
      <Filter>Editor Files %28Copied and Edited%29</Filter>
    </ClCompile>
    <ClCompile Include="ReadCSV.cpp">
      <Filter>Editor Files %28Copied and Edited%29</Filter>
    </ClCompile>
    <ClCompile Include="PanelItem.cpp">
      <Filter>Editor Files %28Copied and Edited%29</Filter>
    </ClCompile>
    <ClCompile Include="Button.cpp">
      <Filter>Editor Files %28Copied and Edited%29</Filter>
    </ClCompile>
    <ClCompile Include="GameObjectManager.cpp">
      <Filter>Source Files</Filter>
    </ClCompile>
    <ClCompile Include="GameObject.cpp">
      <Filter>Source Files</Filter>
    </ClCompile>
    <ClCompile Include="MouseGraphic.cpp">
      <Filter>Source Files\Main Menu</Filter>
    </ClCompile>
    <ClCompile Include="EasingFunctions.cpp">
      <Filter>Source Files</Filter>
    </ClCompile>
    <ClCompile Include="Time.cpp">
      <Filter>Source Files</Filter>
    </ClCompile>
    <ClCompile Include="SimpleGraphic.cpp">
      <Filter>Source Files\Main Menu</Filter>
    </ClCompile>
    <ClCompile Include="TitleTextGraphic.cpp">
      <Filter>Source Files\Main Menu</Filter>
    </ClCompile>
    <ClCompile Include="PlanningState.cpp">
      <Filter>Game States</Filter>
    </ClCompile>
    <ClCompile Include="GoState.cpp">
      <Filter>Game States</Filter>
    </ClCompile>
    <ClCompile Include="PauseState.cpp">
      <Filter>Game States</Filter>
    </ClCompile>
    <ClCompile Include="GoButton.cpp">
      <Filter>Source Files</Filter>
    </ClCompile>
    <ClCompile Include="IApplicationState.cpp">
      <Filter>Application States</Filter>
    </ClCompile>
    <ClCompile Include="IGameState.cpp">
      <Filter>Game States</Filter>
    </ClCompile>
    <ClCompile Include="Singleton.cpp">
      <Filter>Source Files</Filter>
    </ClCompile>
    <ClCompile Include="MouseSpawner.cpp">
      <Filter>Source Files</Filter>
    </ClCompile>
    <ClCompile Include="Debug.cpp">
      <Filter>Source Files</Filter>
    </ClCompile>
    <ClCompile Include="MouseHoleEntry.cpp">
      <Filter>Game Area Objects</Filter>
    </ClCompile>
    <ClCompile Include="RotatingBlock.cpp">
      <Filter>Game Area Objects</Filter>
    </ClCompile>
    <ClCompile Include="SingleWall.cpp">
      <Filter>Game Area Objects</Filter>
    </ClCompile>
    <ClCompile Include="MouseTrap.cpp">
      <Filter>Game Area Objects</Filter>
    </ClCompile>
    <ClCompile Include="MouseTrapStates.cpp">
      <Filter>Game Area Objects</Filter>
    </ClCompile>
    <ClCompile Include="MouseHoleExit.cpp">
      <Filter>Game Area Objects</Filter>
    </ClCompile>
    <ClCompile Include="WinState.cpp">
      <Filter>Game States</Filter>
    </ClCompile>
    <ClCompile Include="ParticlesCommon.cpp">
      <Filter>Particle System</Filter>
    </ClCompile>
    <ClCompile Include="Emitter.cpp">
      <Filter>Particle System</Filter>
    </ClCompile>
    <ClCompile Include="PolygonEmitter.cpp">
      <Filter>Particle System</Filter>
    </ClCompile>
    <ClCompile Include="ParticleManager.cpp">
      <Filter>Particle System</Filter>
    </ClCompile>
    <ClCompile Include="EmitterTypes.cpp">
      <Filter>Particle System</Filter>
    </ClCompile>
    <ClCompile Include="Particle.cpp">
      <Filter>Particle System</Filter>
    </ClCompile>
    <ClCompile Include="EmptySquare.cpp">
      <Filter>Game Area Objects</Filter>
    </ClCompile>
    <ClCompile Include="CheesePickup.cpp">
      <Filter>Game Area Objects</Filter>
    </ClCompile>
    <ClCompile Include="AmmoPickup.cpp">
      <Filter>Game Area Objects</Filter>
    </ClCompile>
    <ClCompile Include="Tank.cpp">
      <Filter>Game Area Objects</Filter>
    </ClCompile>
    <ClCompile Include="Bullet.cpp">
      <Filter>Game Objects</Filter>
    </ClCompile>
    <ClCompile Include="Mouse.cpp">
      <Filter>Game Objects</Filter>
    </ClCompile>
  </ItemGroup>
  <ItemGroup>
    <None Include="packages.config" />
  </ItemGroup>
</Project>